
Microsoft Visual Studio Solution File, Format Version 12.00
# Visual Studio Version 17
VisualStudioVersion = 17.9.34902.65
MinimumVisualStudioVersion = 10.0.40219.1
Project("{FAE04EC0-301F-11D3-BF4B-00C04F79EFBC}") = "NZWalks.API", "NZWalks.API\NZWalks.API.csproj", "{A43EEEE5-D5BF-4714-B551-962020E440B9}"
EndProject
Global
	GlobalSection(SolutionConfigurationPlatforms) = preSolution
		Debug|Any CPU = Debug|Any CPU
		Release|Any CPU = Release|Any CPU
	EndGlobalSection
	GlobalSection(ProjectConfigurationPlatforms) = postSolution
		{A43EEEE5-D5BF-4714-B551-962020E440B9}.Debug|Any CPU.ActiveCfg = Debug|Any CPU
		{A43EEEE5-D5BF-4714-B551-962020E440B9}.Debug|Any CPU.Build.0 = Debug|Any CPU
		{A43EEEE5-D5BF-4714-B551-962020E440B9}.Release|Any CPU.ActiveCfg = Release|Any CPU
		{A43EEEE5-D5BF-4714-B551-962020E440B9}.Release|Any CPU.Build.0 = Release|Any CPU
	EndGlobalSection
	GlobalSection(SolutionProperties) = preSolution
		HideSolutionNode = FALSE
	EndGlobalSection
	GlobalSection(ExtensibilityGlobals) = postSolution
		SolutionGuid = {89CE0FC2-9C1E-4F29-82AC-A54C33050118}
	EndGlobalSection
EndGlobal
